{
  "lockfile-version": 1,
  "manifest": {
    "schema-version": "1.13.0",
    "install": {
      "adr-tools": {
        "pkg-path": "adr-tools"
      },
      "cmake": {
        "pkg-path": "cmake"
      },
      "go": {
        "pkg-path": "go",
        "version": "1.26.1"
      },
      "go-tools": {
        "pkg-path": "go-tools"
      },
      "gofumpt": {
        "pkg-path": "gofumpt"
      },
      "golangci-lint": {
        "pkg-path": "golangci-lint"
      },
      "pulumi": {
        "pkg-path": "pulumi"
      },
      "pulumi-language-go": {
        "pkg-path": "pulumiPackages.pulumi-language-go"
      }
    },
    "hook": {
      "on-activate": "  # Autogenerated by Flox\n\n  # Point GOENV to Flox environment cache\n  export GOENV=\"$FLOX_ENV_CACHE/goenv\"\n  export GOROOT=\n\n  # Install Go dependencies\n  # go get .\n  go mod tidy\n\n  # End autogenerated by Flox\n"
    },
    "profile": {
      "bash": "  alias isflox='echo yes'\n"
    },
    "options": {}
  },
  "packages": [
    {
      "attr_path": "adr-tools",
      "broken": false,
      "derivation": "/nix/store/48gn6jw04dnd57jphvw3hjj1cwf0aznd-adr-tools-3.0.0.drv",
      "description": "Command-line tools for working with Architecture Decision Records",
      "install_id": "adr-tools",
      "license": "GPL-3.0-or-later",
      "locked_url": "https://github.com/flox/nixpkgs?rev=b12141ef619e0a9c1c84dc8c684040326f27cdcc",
      "name": "adr-tools-3.0.0",
      "pname": "adr-tools",
      "rev": "b12141ef619e0a9c1c84dc8c684040326f27cdcc",
      "rev_count": 982522,
      "rev_date": "2026-04-18T21:33:21Z",
      "scrape_date": "2026-04-21T06:03:19.530547Z",
      "stabilities": [
        "stable",
        "staging",
        "unstable"
      ],
      "unfree": false,
      "version": "3.0.0",
      "outputs_to_install": [
        "out"
      ],
      "outputs": {
        "out": "/nix/store/wn0mh8wdx0qxx2z64kh3kfhbryd5j2ya-adr-tools-3.0.0"
      },
      "system": "aarch64-darwin",
      "group": "toplevel",
      "priority": 5
    },
    {
      "attr_path": "adr-tools",
      "broken": false,
      "derivation": "/nix/store/wcwqz8223f7wzlnq2mf4r00jzgzw9r8c-adr-tools-3.0.0.drv",
      "description": "Command-line tools for working with Architecture Decision Records",
      "install_id": "adr-tools",
      "license": "GPL-3.0-or-later",
      "locked_url": "https://github.com/flox/nixpkgs?rev=b12141ef619e0a9c1c84dc8c684040326f27cdcc",
      "name": "adr-tools-3.0.0",
      "pname": "adr-tools",
      "rev": "b12141ef619e0a9c1c84dc8c684040326f27cdcc",
      "rev_count": 982522,
      "rev_date": "2026-04-18T21:33:21Z",
      "scrape_date": "2026-04-21T06:36:36.888295Z",
      "stabilities": [
        "stable",
        "staging",
        "unstable"
      ],
      "unfree": false,
      "version": "3.0.0",
      "outputs_to_install": [
        "out"
      ],
      "outputs": {
        "out": "/nix/store/miqfq7rcpf6w1rw86bmhpija4ismp6f9-adr-tools-3.0.0"
      },
      "system": "aarch64-linux",
      "group": "toplevel",
      "priority": 5
    },
    {
      "attr_path": "adr-tools",
      "broken": false,
      "derivation": "/nix/store/g88w4ynbsrvicz1zvjd1bv7aj3qlr83k-adr-tools-3.0.0.drv",
      "description": "Command-line tools for working with Architecture Decision Records",
      "install_id": "adr-tools",
      "license": "GPL-3.0-or-later",
      "locked_url": "https://github.com/flox/nixpkgs?rev=b12141ef619e0a9c1c84dc8c684040326f27cdcc",
      "name": "adr-tools-3.0.0",
      "pname": "adr-tools",
      "rev": "b12141ef619e0a9c1c84dc8c684040326f27cdcc",
      "rev_count": 982522,
      "rev_date": "2026-04-18T21:33:21Z",
      "scrape_date": "2026-04-21T07:44:39.064900Z",
      "stabilities": [
        "stable",
        "staging",
        "unstable"
      ],
      "unfree": false,
      "version": "3.0.0",
      "outputs_to_install": [
        "out"
      ],
      "outputs": {
        "out": "/nix/store/01b66vm9g2hwnxrdxz0df1alk6bi28kr-adr-tools-3.0.0"
      },
      "system": "x86_64-linux",
      "group": "toplevel",
      "priority": 5
    },
    {
      "attr_path": "cmake",
      "broken": false,
      "derivation": "/nix/store/z73jhbf5mk47c3d41f8wh5w8qfnscj0k-cmake-4.1.2.drv",
      "description": "Cross-platform, open-source build system generator",
      "install_id": "cmake",
      "license": "BSD-3-Clause",
      "locked_url": "https://github.com/flox/nixpkgs?rev=b12141ef619e0a9c1c84dc8c684040326f27cdcc",
      "name": "cmake-4.1.2",
      "pname": "cmake",
      "rev": "b12141ef619e0a9c1c84dc8c684040326f27cdcc",
      "rev_count": 982522,
      "rev_date": "2026-04-18T21:33:21Z",
      "scrape_date": "2026-04-21T06:03:20.101885Z",
      "stabilities": [
        "stable",
        "staging",
        "unstable"
      ],
      "unfree": false,
      "version": "4.1.2",
      "outputs_to_install": [
        "out"
      ],
      "outputs": {
        "out": "/nix/store/xmyh14d786955sjzgv48ry485sd1fyn6-cmake-4.1.2"
      },
      "system": "aarch64-darwin",
      "group": "toplevel",
      "priority": 5
    },
    {
      "attr_path": "cmake",
      "broken": false,
      "derivation": "/nix/store/h8f9hq8smpa0lgkk98pmgc0c3xqawyrb-cmake-4.1.2.drv",
      "description": "Cross-platform, open-source build system generator",
      "install_id": "cmake",
      "license": "BSD-3-Clause",
      "locked_url": "https://github.com/flox/nixpkgs?rev=b12141ef619e0a9c1c84dc8c684040326f27cdcc",
      "name": "cmake-4.1.2",
      "pname": "cmake",
      "rev": "b12141ef619e0a9c1c84dc8c684040326f27cdcc",
      "rev_count": 982522,
      "rev_date": "2026-04-18T21:33:21Z",
      "scrape_date": "2026-04-21T06:36:37.482977Z",
      "stabilities": [
        "stable",
        "staging",
        "unstable"
      ],
      "unfree": false,
      "version": "4.1.2",
      "outputs_to_install": [
        "out"
      ],
      "outputs": {
        "debug": "/nix/store/sybfyx94i759pcryq1cffd2jlmkl18vb-cmake-4.1.2-debug",
        "out": "/nix/store/c6nifbmj811vfarih9x5bsyn7qhv0in7-cmake-4.1.2"
      },
      "system": "aarch64-linux",
      "group": "toplevel",
      "priority": 5
    },
    {
      "attr_path": "cmake",
      "broken": false,
      "derivation": "/nix/store/37j32sza3djf453wa89ndywp61m0jby1-cmake-4.1.2.drv",
      "description": "Cross-platform, open-source build system generator",
      "install_id": "cmake",
      "license": "BSD-3-Clause",
      "locked_url": "https://github.com/flox/nixpkgs?rev=b12141ef619e0a9c1c84dc8c684040326f27cdcc",
      "name": "cmake-4.1.2",
      "pname": "cmake",
      "rev": "b12141ef619e0a9c1c84dc8c684040326f27cdcc",
      "rev_count": 982522,
      "rev_date": "2026-04-18T21:33:21Z",
      "scrape_date": "2026-04-21T07:44:39.738931Z",
      "stabilities": [
        "stable",
        "staging",
        "unstable"
      ],
      "unfree": false,
      "version": "4.1.2",
      "outputs_to_install": [
        "out"
      ],
      "outputs": {
        "debug": "/nix/store/pcqkiw67hcv58ng00vnlvhwj5j1s2hmy-cmake-4.1.2-debug",
        "out": "/nix/store/q800b7nrqa8csf2gcds2i83w1icsda5w-cmake-4.1.2"
      },
      "system": "x86_64-linux",
      "group": "toplevel",
      "priority": 5
    },
    {
      "attr_path": "go",
      "broken": false,
      "derivation": "/nix/store/jj5lr2n85rl99d40dcgvv8kh4p37i47d-go-1.26.1.drv",
      "description": "Go Programming language",
      "install_id": "go",
      "license": "BSD-3-Clause",
      "locked_url": "https://github.com/flox/nixpkgs?rev=b12141ef619e0a9c1c84dc8c684040326f27cdcc",
      "name": "go-1.26.1",
      "pname": "go",
      "rev": "b12141ef619e0a9c1c84dc8c684040326f27cdcc",
      "rev_count": 982522,
      "rev_date": "2026-04-18T21:33:21Z",
      "scrape_date": "2026-04-21T06:03:21.106491Z",
      "stabilities": [
        "stable",
        "staging",
        "unstable"
      ],
      "unfree": false,
      "version": "1.26.1",
      "outputs_to_install": [
        "out"
      ],
      "outputs": {
        "out": "/nix/store/kh43nhaz1qcpwws2xq805lrmwpmn9i3k-go-1.26.1"
      },
      "system": "aarch64-darwin",
      "group": "toplevel",
      "priority": 5
    },
    {
      "attr_path": "go",
      "broken": false,
      "derivation": "/nix/store/bgblqd7l0v7x7s504csalw9b5vwf4czc-go-1.26.1.drv",
      "description": "Go Programming language",
      "install_id": "go",
      "license": "BSD-3-Clause",
      "locked_url": "https://github.com/flox/nixpkgs?rev=b12141ef619e0a9c1c84dc8c684040326f27cdcc",
      "name": "go-1.26.1",
      "pname": "go",
      "rev": "b12141ef619e0a9c1c84dc8c684040326f27cdcc",
      "rev_count": 982522,
      "rev_date": "2026-04-18T21:33:21Z",
      "scrape_date": "2026-04-21T06:36:39.493796Z",
      "stabilities": [
        "stable",
        "staging",
        "unstable"
      ],
      "unfree": false,
      "version": "1.26.1",
      "outputs_to_install": [
        "out"
      ],
      "outputs": {
        "out": "/nix/store/rz1pqbm5z3zfby250i0djfmfzzj7khg9-go-1.26.1"
      },
      "system": "aarch64-linux",
      "group": "toplevel",
      "priority": 5
    },
    {
      "attr_path": "go",
      "broken": false,
      "derivation": "/nix/store/f7rh1lw0shd5471j9y6wpvc2j43czglz-go-1.26.1.drv",
      "description": "Go Programming language",
      "install_id": "go",
      "license": "BSD-3-Clause",
      "locked_url": "https://github.com/flox/nixpkgs?rev=b12141ef619e0a9c1c84dc8c684040326f27cdcc",
      "name": "go-1.26.1",
      "pname": "go",
      "rev": "b12141ef619e0a9c1c84dc8c684040326f27cdcc",
      "rev_count": 982522,
      "rev_date": "2026-04-18T21:33:21Z",
      "scrape_date": "2026-04-21T07:44:42.019006Z",
      "stabilities": [
        "stable",
        "staging",
        "unstable"
      ],
      "unfree": false,
      "version": "1.26.1",
      "outputs_to_install": [
        "out",
        "out"
      ],
      "outputs": {
        "out": "/nix/store/ckcq2mj8zk0drhaaacy6mp9d924hnr4m-go-1.26.1"
      },
      "system": "x86_64-linux",
      "group": "toplevel",
      "priority": 5
    },
    {
      "attr_path": "go-tools",
      "broken": false,
      "derivation": "/nix/store/kbwxr00v7a2l944k1mdin3iij9myd5sm-go-tools-2026.1.drv",
      "description": "Collection of tools and libraries for working with Go code, including linters and static analysis",
      "install_id": "go-tools",
      "license": "MIT",
      "locked_url": "https://github.com/flox/nixpkgs?rev=b12141ef619e0a9c1c84dc8c684040326f27cdcc",
      "name": "go-tools-2026.1",
      "pname": "go-tools",
      "rev": "b12141ef619e0a9c1c84dc8c684040326f27cdcc",
      "rev_count": 982522,
      "rev_date": "2026-04-18T21:33:21Z",
      "scrape_date": "2026-04-21T06:03:21.129504Z",
      "stabilities": [
        "stable",
        "staging",
        "unstable"
      ],
      "unfree": false,
      "version": "2026.1",
      "outputs_to_install": [
        "out"
      ],
      "outputs": {
        "out": "/nix/store/cwajfa92xr5nc2cgrx6z6i0qf75zkcf1-go-tools-2026.1"
      },
      "system": "aarch64-darwin",
      "group": "toplevel",
      "priority": 5
    },
    {
      "attr_path": "go-tools",
      "broken": false,
      "derivation": "/nix/store/1zw4qrszm1mk89bvdhwbpaapcrf73gc7-go-tools-2026.1.drv",
      "description": "Collection of tools and libraries for working with Go code, including linters and static analysis",
      "install_id": "go-tools",
      "license": "MIT",
      "locked_url": "https://github.com/flox/nixpkgs?rev=b12141ef619e0a9c1c84dc8c684040326f27cdcc",
      "name": "go-tools-2026.1",
      "pname": "go-tools",
      "rev": "b12141ef619e0a9c1c84dc8c684040326f27cdcc",
      "rev_count": 982522,
      "rev_date": "2026-04-18T21:33:21Z",
      "scrape_date": "2026-04-21T06:36:39.526218Z",
      "stabilities": [
        "stable",
        "staging",
        "unstable"
      ],
      "unfree": false,
      "version": "2026.1",
      "outputs_to_install": [
        "out"
      ],
      "outputs": {
        "out": "/nix/store/nd0qa5193b33dmd8h6hvnk5ws4kw0byd-go-tools-2026.1"
      },
      "system": "aarch64-linux",
      "group": "toplevel",
      "priority": 5
    },
    {
      "attr_path": "go-tools",
      "broken": false,
      "derivation": "/nix/store/1p5pkp9ywjghxlaxk8834244w37rc2xx-go-tools-2026.1.drv",
      "description": "Collection of tools and libraries for working with Go code, including linters and static analysis",
      "install_id": "go-tools",
      "license": "MIT",
      "locked_url": "https://github.com/flox/nixpkgs?rev=b12141ef619e0a9c1c84dc8c684040326f27cdcc",
      "name": "go-tools-2026.1",
      "pname": "go-tools",
      "rev": "b12141ef619e0a9c1c84dc8c684040326f27cdcc",
      "rev_count": 982522,
      "rev_date": "2026-04-18T21:33:21Z",
      "scrape_date": "2026-04-21T07:44:42.053208Z",
      "stabilities": [
        "stable",
        "staging",
        "unstable"
      ],
      "unfree": false,
      "version": "2026.1",
      "outputs_to_install": [
        "out"
      ],
      "outputs": {
        "out": "/nix/store/3zwcs0589b5l3i5vkj4vjxgw95d04rsm-go-tools-2026.1"
      },
      "system": "x86_64-linux",
      "group": "toplevel",
      "priority": 5
    },
    {
      "attr_path": "gofumpt",
      "broken": false,
      "derivation": "/nix/store/wzb5ykxdhajp7qb4f3l7prjq12ynhrwb-gofumpt-0.9.2.drv",
      "description": "Stricter gofmt",
      "install_id": "gofumpt",
      "license": "BSD-3-Clause",
      "locked_url": "https://github.com/flox/nixpkgs?rev=b12141ef619e0a9c1c84dc8c684040326f27cdcc",
      "name": "gofumpt-0.9.2",
      "pname": "gofumpt",
      "rev": "b12141ef619e0a9c1c84dc8c684040326f27cdcc",
      "rev_count": 982522,
      "rev_date": "2026-04-18T21:33:21Z",
      "scrape_date": "2026-04-21T06:03:21.163584Z",
      "stabilities": [
        "stable",
        "staging",
        "unstable"
      ],
      "unfree": false,
      "version": "0.9.2",
      "outputs_to_install": [
        "out"
      ],
      "outputs": {
        "out": "/nix/store/kqwwhjzf34w90swr0sma0zczgrrh49zc-gofumpt-0.9.2"
      },
      "system": "aarch64-darwin",
      "group": "toplevel",
      "priority": 5
    },
    {
      "attr_path": "gofumpt",
      "broken": false,
      "derivation": "/nix/store/64jb29wpnn8zb246arcx4y6fdsvppnss-gofumpt-0.9.2.drv",
      "description": "Stricter gofmt",
      "install_id": "gofumpt",
      "license": "BSD-3-Clause",
      "locked_url": "https://github.com/flox/nixpkgs?rev=b12141ef619e0a9c1c84dc8c684040326f27cdcc",
      "name": "gofumpt-0.9.2",
      "pname": "gofumpt",
      "rev": "b12141ef619e0a9c1c84dc8c684040326f27cdcc",
      "rev_count": 982522,
      "rev_date": "2026-04-18T21:33:21Z",
      "scrape_date": "2026-04-21T06:36:39.582628Z",
      "stabilities": [
        "stable",
        "staging",
        "unstable"
      ],
      "unfree": false,
      "version": "0.9.2",
      "outputs_to_install": [
        "out"
      ],
      "outputs": {
        "out": "/nix/store/knm2gwhdf0w61iaqhmnlmn181lq06df5-gofumpt-0.9.2"
      },
      "system": "aarch64-linux",
      "group": "toplevel",
      "priority": 5
    },
    {
      "attr_path": "gofumpt",
      "broken": false,
      "derivation": "/nix/store/0bs5hklwpkmsq4jmaa66adwy6f3asg1n-gofumpt-0.9.2.drv",
      "description": "Stricter gofmt",
      "install_id": "gofumpt",
      "license": "BSD-3-Clause",
      "locked_url": "https://github.com/flox/nixpkgs?rev=b12141ef619e0a9c1c84dc8c684040326f27cdcc",
      "name": "gofumpt-0.9.2",
      "pname": "gofumpt",
      "rev": "b12141ef619e0a9c1c84dc8c684040326f27cdcc",
      "rev_count": 982522,
      "rev_date": "2026-04-18T21:33:21Z",
      "scrape_date": "2026-04-21T07:44:42.114172Z",
      "stabilities": [
        "stable",
        "staging",
        "unstable"
      ],
      "unfree": false,
      "version": "0.9.2",
      "outputs_to_install": [
        "out"
      ],
      "outputs": {
        "out": "/nix/store/18w77ya0gqwddzy0fa4j1nm96a3ns7c8-gofumpt-0.9.2"
      },
      "system": "x86_64-linux",
      "group": "toplevel",
      "priority": 5
    },
    {
      "attr_path": "golangci-lint",
      "broken": false,
      "derivation": "/nix/store/yhb07d2wsdwxsqvmvhbqf20pjckshv4v-golangci-lint-2.11.4.drv",
      "description": "Fast linters Runner for Go",
      "install_id": "golangci-lint",
      "license": "GPL-3.0-or-later",
      "locked_url": "https://github.com/flox/nixpkgs?rev=b12141ef619e0a9c1c84dc8c684040326f27cdcc",
      "name": "golangci-lint-2.11.4",
      "pname": "golangci-lint",
      "rev": "b12141ef619e0a9c1c84dc8c684040326f27cdcc",
      "rev_count": 982522,
      "rev_date": "2026-04-18T21:33:21Z",
      "scrape_date": "2026-04-21T06:03:21.170369Z",
      "stabilities": [
        "stable",
        "staging",
        "unstable"
      ],
      "unfree": false,
      "version": "2.11.4",
      "outputs_to_install": [
        "out"
      ],
      "outputs": {
        "out": "/nix/store/zjhq23zqjjlyclylkwvny6s7qzcq56n4-golangci-lint-2.11.4"
      },
      "system": "aarch64-darwin",
      "group": "toplevel",
      "priority": 5
    },
    {
      "attr_path": "golangci-lint",
      "broken": false,
      "derivation": "/nix/store/vknh40qizw72lnwiv90cyab3m8da4dvb-golangci-lint-2.11.4.drv",
      "description": "Fast linters Runner for Go",
      "install_id": "golangci-lint",
      "license": "GPL-3.0-or-later",
      "locked_url": "https://github.com/flox/nixpkgs?rev=b12141ef619e0a9c1c84dc8c684040326f27cdcc",
      "name": "golangci-lint-2.11.4",
      "pname": "golangci-lint",
      "rev": "b12141ef619e0a9c1c84dc8c684040326f27cdcc",
      "rev_count": 982522,
      "rev_date": "2026-04-18T21:33:21Z",
      "scrape_date": "2026-04-21T06:36:39.591928Z",
      "stabilities": [
        "stable",
        "staging",
        "unstable"
      ],
      "unfree": false,
      "version": "2.11.4",
      "outputs_to_install": [
        "out"
      ],
      "outputs": {
        "out": "/nix/store/6rnv5q31z65m0cx0gsclybizgly224r8-golangci-lint-2.11.4"
      },
      "system": "aarch64-linux",
      "group": "toplevel",
      "priority": 5
    },
    {
      "attr_path": "golangci-lint",
      "broken": false,
      "derivation": "/nix/store/6hc83ga5aylvdpjy3fbajcqr2k75d52v-golangci-lint-2.11.4.drv",
      "description": "Fast linters Runner for Go",
      "install_id": "golangci-lint",
      "license": "GPL-3.0-or-later",
      "locked_url": "https://github.com/flox/nixpkgs?rev=b12141ef619e0a9c1c84dc8c684040326f27cdcc",
      "name": "golangci-lint-2.11.4",
      "pname": "golangci-lint",
      "rev": "b12141ef619e0a9c1c84dc8c684040326f27cdcc",
      "rev_count": 982522,
      "rev_date": "2026-04-18T21:33:21Z",
      "scrape_date": "2026-04-21T07:44:42.123876Z",
      "stabilities": [
        "stable",
        "staging",
        "unstable"
      ],
      "unfree": false,
      "version": "2.11.4",
      "outputs_to_install": [
        "out"
      ],
      "outputs": {
        "out": "/nix/store/j4w0z1lgrs4fdds7npk2bnby5ks612cf-golangci-lint-2.11.4"
      },
      "system": "x86_64-linux",
      "group": "toplevel",
      "priority": 5
    },
    {
      "attr_path": "pulumi",
      "broken": false,
      "derivation": "/nix/store/3cwkcm7053752m8spj11q2h0904qp2y2-pulumi-3.192.0.drv",
      "description": "Cloud development platform that makes creating cloud programs easy and productive",
      "install_id": "pulumi",
      "license": "Apache-2.0",
      "locked_url": "https://github.com/flox/nixpkgs?rev=b12141ef619e0a9c1c84dc8c684040326f27cdcc",
      "name": "pulumi-3.192.0",
      "pname": "pulumi",
      "rev": "b12141ef619e0a9c1c84dc8c684040326f27cdcc",
      "rev_count": 982522,
      "rev_date": "2026-04-18T21:33:21Z",
      "scrape_date": "2026-04-21T06:03:59.440697Z",
      "stabilities": [
        "stable",
        "staging",
        "unstable"
      ],
      "unfree": false,
      "version": "3.192.0",
      "outputs_to_install": [
        "out"
      ],
      "outputs": {
        "out": "/nix/store/rngpmg3gqyc0nziyl4xyx1w5xxjikgkz-pulumi-3.192.0"
      },
      "system": "aarch64-darwin",
      "group": "toplevel",
      "priority": 5
    },
    {
      "attr_path": "pulumi",
      "broken": false,
      "derivation": "/nix/store/ygsziikv0f15ahaqppw20hzhbmplf6dn-pulumi-3.192.0.drv",
      "description": "Cloud development platform that makes creating cloud programs easy and productive",
      "install_id": "pulumi",
      "license": "Apache-2.0",
      "locked_url": "https://github.com/flox/nixpkgs?rev=b12141ef619e0a9c1c84dc8c684040326f27cdcc",
      "name": "pulumi-3.192.0",
      "pname": "pulumi",
      "rev": "b12141ef619e0a9c1c84dc8c684040326f27cdcc",
      "rev_count": 982522,
      "rev_date": "2026-04-18T21:33:21Z",
      "scrape_date": "2026-04-21T06:37:36.060792Z",
      "stabilities": [
        "stable",
        "staging",
        "unstable"
      ],
      "unfree": false,
      "version": "3.192.0",
      "outputs_to_install": [
        "out"
      ],
      "outputs": {
        "out": "/nix/store/s1xbmaxdq27x7k7z5r0gyimvwivqnd88-pulumi-3.192.0"
      },
      "system": "aarch64-linux",
      "group": "toplevel",
      "priority": 5
    },
    {
      "attr_path": "pulumi",
      "broken": false,
      "derivation": "/nix/store/xc0v65hgwcjy1j98vv7jynlda4690sqb-pulumi-3.192.0.drv",
      "description": "Cloud development platform that makes creating cloud programs easy and productive",
      "install_id": "pulumi",
      "license": "Apache-2.0",
      "locked_url": "https://github.com/flox/nixpkgs?rev=b12141ef619e0a9c1c84dc8c684040326f27cdcc",
      "name": "pulumi-3.192.0",
      "pname": "pulumi",
      "rev": "b12141ef619e0a9c1c84dc8c684040326f27cdcc",
      "rev_count": 982522,
      "rev_date": "2026-04-18T21:33:21Z",
      "scrape_date": "2026-04-21T07:45:44.417653Z",
      "stabilities": [
        "stable",
        "staging",
        "unstable"
      ],
      "unfree": false,
      "version": "3.192.0",
      "outputs_to_install": [
        "out"
      ],
      "outputs": {
        "out": "/nix/store/fsqymqpb5s5nv99irpkwjmwc7pf7mxkk-pulumi-3.192.0"
      },
      "system": "x86_64-linux",
      "group": "toplevel",
      "priority": 5
    },
    {
      "attr_path": "pulumiPackages.pulumi-language-go",
      "broken": false,
      "derivation": "/nix/store/gd3bb68qsha0plmx3xqmzp7n7wqd719z-pulumi-go-3.192.0.drv",
      "description": "Language host for Pulumi programs written in Go",
      "install_id": "pulumi-language-go",
      "license": "Apache-2.0",
      "locked_url": "https://github.com/flox/nixpkgs?rev=b12141ef619e0a9c1c84dc8c684040326f27cdcc",
      "name": "pulumi-go-3.192.0",
      "pname": "pulumi-language-go",
      "rev": "b12141ef619e0a9c1c84dc8c684040326f27cdcc",
      "rev_count": 982522,
      "rev_date": "2026-04-18T21:33:21Z",
      "scrape_date": "2026-04-21T06:03:59.456649Z",
      "stabilities": [
        "stable",
        "staging",
        "unstable"
      ],
      "unfree": false,
      "version": "3.192.0",
      "outputs_to_install": [
        "out"
      ],
      "outputs": {
        "out": "/nix/store/5ayn2mvm2zhcyfyz6fakqhvpnwr9cdv9-pulumi-go-3.192.0"
      },
      "system": "aarch64-darwin",
      "group": "toplevel",
      "priority": 5
    },
    {
      "attr_path": "pulumiPackages.pulumi-language-go",
      "broken": false,
      "derivation": "/nix/store/rjkwiv5shq0nrfl8ra0pv7wxnn2whd8a-pulumi-go-3.192.0.drv",
      "description": "Language host for Pulumi programs written in Go",
      "install_id": "pulumi-language-go",
      "license": "Apache-2.0",
      "locked_url": "https://github.com/flox/nixpkgs?rev=b12141ef619e0a9c1c84dc8c684040326f27cdcc",
      "name": "pulumi-go-3.192.0",
      "pname": "pulumi-language-go",
      "rev": "b12141ef619e0a9c1c84dc8c684040326f27cdcc",
      "rev_count": 982522,
      "rev_date": "2026-04-18T21:33:21Z",
      "scrape_date": "2026-04-21T06:37:36.081098Z",
      "stabilities": [
        "stable",
        "staging",
        "unstable"
      ],
      "unfree": false,
      "version": "3.192.0",
      "outputs_to_install": [
        "out"
      ],
      "outputs": {
        "out": "/nix/store/g947qhlhc18i2fzaa6q7m628wif80qra-pulumi-go-3.192.0"
      },
      "system": "aarch64-linux",
      "group": "toplevel",
      "priority": 5
    },
    {
      "attr_path": "pulumiPackages.pulumi-language-go",
      "broken": false,
      "derivation": "/nix/store/jyk1a9f5qwyh7r4x5ywphs0yyb3vz564-pulumi-go-3.192.0.drv",
      "description": "Language host for Pulumi programs written in Go",
      "install_id": "pulumi-language-go",
      "license": "Apache-2.0",
      "locked_url": "https://github.com/flox/nixpkgs?rev=b12141ef619e0a9c1c84dc8c684040326f27cdcc",
      "name": "pulumi-go-3.192.0",
      "pname": "pulumi-language-go",
      "rev": "b12141ef619e0a9c1c84dc8c684040326f27cdcc",
      "rev_count": 982522,
      "rev_date": "2026-04-18T21:33:21Z",
      "scrape_date": "2026-04-21T07:45:44.438337Z",
      "stabilities": [
        "stable",
        "staging",
        "unstable"
      ],
      "unfree": false,
      "version": "3.192.0",
      "outputs_to_install": [
        "out"
      ],
      "outputs": {
        "out": "/nix/store/yij0v17b1a67z14w4wm22d2jghpnn49v-pulumi-go-3.192.0"
      },
      "system": "x86_64-linux",
      "group": "toplevel",
      "priority": 5
    }
  ]
}
